
Microsoft Visual Studio Solution File, Format Version 12.00
# Visual Studio Version 17
VisualStudioVersion = 17.14.36212.18
MinimumVisualStudioVersion = 10.0.40219.1
Project("{FAE04EC0-301F-11D3-BF4B-00C04F79EFBC}") = "EMPTYASP", "EMPTYASP.csproj", "{D70885CA-202E-478D-B0FE-38369451A68B}"
EndProject
Global
	GlobalSection(SolutionConfigurationPlatforms) = preSolution
		Debug|Any CPU = Debug|Any CPU
		Release|Any CPU = Release|Any CPU
	EndGlobalSection
	GlobalSection(ProjectConfigurationPlatforms) = postSolution
		{D70885CA-202E-478D-B0FE-38369451A68B}.Debug|Any CPU.ActiveCfg = Debug|Any CPU
		{D70885CA-202E-478D-B0FE-38369451A68B}.Debug|Any CPU.Build.0 = Debug|Any CPU
		{D70885CA-202E-478D-B0FE-38369451A68B}.Release|Any CPU.ActiveCfg = Release|Any CPU
		{D70885CA-202E-478D-B0FE-38369451A68B}.Release|Any CPU.Build.0 = Release|Any CPU
	EndGlobalSection
	GlobalSection(SolutionProperties) = preSolution
		HideSolutionNode = FALSE
	EndGlobalSection
	GlobalSection(ExtensibilityGlobals) = postSolution
		SolutionGuid = {04E547D1-D0E1-4ECC-84CB-FBC464001741}
	EndGlobalSection
EndGlobal
